// !$*UTF8*$!
{
	archiveVersion = 1;
	classes = {
	};
	objectVersion = 77;
	objects = {

/* Begin PBXContainerItemProxy section */
		5B2CA45D2E5F94A100E39E81 /* PBXContainerItemProxy */ = {
			isa = PBXContainerItemProxy;
			containerPortal = 5B2CA43B2E5F94A000E39E81 /* Project object */;
			proxyType = 1;
			remoteGlobalIDString = 5B2CA4422E5F94A000E39E81;
			remoteInfo = MyPictures;
		};
		5B2CA4672E5F94A100E39E81 /* PBXContainerItemProxy */ = {
			isa = PBXContainerItemProxy;
			containerPortal = 5B2CA43B2E5F94A000E39E81 /* Project object */;
			proxyType = 1;
			remoteGlobalIDString = 5B2CA4422E5F94A000E39E81;
			remoteInfo = MyPictures;
		};
/* End PBXContainerItemProxy section */

/* Begin PBXFileReference section */
		5B2CA4432E5F94A000E39E81 /* MyPictures.app */ = {isa = PBXFileReference; explicitFileType = wrapper.application; includeInIndex = 0; path = MyPictures.app; sourceTree = BUILT_PRODUCTS_DIR; };
		5B2CA45C2E5F94A100E39E81 /* MyPicturesTests.xctest */ = {isa = PBXFileReference; explicitFileType = wrapper.cfbundle; includeInIndex = 0; path = MyPicturesTests.xctest; sourceTree = BUILT_PRODUCTS_DIR; };
		5B2CA4662E5F94A100E39E81 /* MyPicturesUITests.xctest */ = {isa = PBXFileReference; explicitFileType = wrapper.cfbundle; includeInIndex = 0; path = MyPicturesUITests.xctest; sourceTree = BUILT_PRODUCTS_DIR; };
/* End PBXFileReference section */

/* Begin PBXFileSystemSynchronizedBuildFileExceptionSet section */
		5B2CA46E2E5F94A100E39E81 /* Exceptions for "MyPictures" folder in "MyPictures" target */ = {
			isa = PBXFileSystemSynchronizedBuildFileExceptionSet;
			membershipExceptions = (
				Info.plist,
			);
			target = 5B2CA4422E5F94A000E39E81 /* MyPictures */;
		};
/* End PBXFileSystemSynchronizedBuildFileExceptionSet section */

/* Begin PBXFileSystemSynchronizedRootGroup section */
		5B2CA4452E5F94A000E39E81 /* MyPictures */ = {
			isa = PBXFileSystemSynchronizedRootGroup;
			exceptions = (
				5B2CA46E2E5F94A100E39E81 /* Exceptions for "MyPictures" folder in "MyPictures" target */,
			);
			path = MyPictures;
			sourceTree = "<group>";
		};
		5B2CA45F2E5F94A100E39E81 /* MyPicturesTests */ = {
			isa = PBXFileSystemSynchronizedRootGroup;
			path = MyPicturesTests;
			sourceTree = "<group>";
		};
/* End PBXFileSystemSynchronizedRootGroup section */

/* Begin PBXFrameworksBuildPhase section */
		5B2CA4402E5F94A000E39E81 /* Frameworks */ = {
			isa = PBXFrameworksBuildPhase;
			buildActionMask = 2147483647;
			files = (
			);
			runOnlyForDeploymentPostprocessing = 0;
		};
		5B2CA4592E5F94A100E39E81 /* Frameworks */ = {
			isa = PBXFrameworksBuildPhase;
			buildActionMask = 2147483647;
			files = (
			);
			runOnlyForDeploymentPostprocessing = 0;
		};
		5B2CA4632E5F94A100E39E81 /* Frameworks */ = {
			isa = PBXFrameworksBuildPhase;
			buildActionMask = 2147483647;
			files = (
			);
			runOnlyForDeploymentPostprocessing = 0;
		};
/* End PBXFrameworksBuildPhase section */

/* Begin PBXGroup section */
		5B2CA43A2E5F94A000E39E81 = {
			isa = PBXGroup;
			children = (
				5B2CA4452E5F94A000E39E81 /* MyPictures */,
				5B2CA45F2E5F94A100E39E81 /* MyPicturesTests */,
				5B2CA4442E5F94A000E39E81 /* Products */,
			);
			sourceTree = "<group>";
		};
		5B2CA4442E5F94A000E39E81 /* Products */ = {
			isa = PBXGroup;
			children = (
				5B2CA4432E5F94A000E39E81 /* MyPictures.app */,
				5B2CA45C2E5F94A100E39E81 /* MyPicturesTests.xctest */,
				5B2CA4662E5F94A100E39E81 /* MyPicturesUITests.xctest */,
			);
			name = Products;
			sourceTree = "<group>";
		};
/* End PBXGroup section */

/* Begin PBXNativeTarget section */
		5B2CA4422E5F94A000E39E81 /* MyPictures */ = {
			isa = PBXNativeTarget;
			buildConfigurationList = 5B2CA46F2E5F94A100E39E81 /* Build configuration list for PBXNativeTarget "MyPictures" */;
			buildPhases = (
				5B2CA43F2E5F94A000E39E81 /* Sources */,
				5B2CA4402E5F94A000E39E81 /* Frameworks */,
				5B2CA4412E5F94A000E39E81 /* Resources */,
			);
			buildRules = (
			);
			dependencies = (
			);
			fileSystemSynchronizedGroups = (
				5B2CA4452E5F94A000E39E81 /* MyPictures */,
			);
			name = MyPictures;
			packageProductDependencies = (
			);
			productName = MyPictures;
			productReference = 5B2CA4432E5F94A000E39E81 /* MyPictures.app */;
			productType = "com.apple.product-type.application";
		};
		5B2CA45B2E5F94A100E39E81 /* MyPicturesTests */ = {
			isa = PBXNativeTarget;
			buildConfigurationList = 5B2CA4742E5F94A100E39E81 /* Build configuration list for PBXNativeTarget "MyPicturesTests" */;
			buildPhases = (
				5B2CA4582E5F94A100E39E81 /* Sources */,
				5B2CA4592E5F94A100E39E81 /* Frameworks */,
				5B2CA45A2E5F94A100E39E81 /* Resources */,
			);
			buildRules = (
			);
			dependencies = (
				5B2CA45E2E5F94A100E39E81 /* PBXTargetDependency */,
			);
			fileSystemSynchronizedGroups = (
				5B2CA45F2E5F94A100E39E81 /* MyPicturesTests */,
			);
			name = MyPicturesTests;
			packageProductDependencies = (
			);
			productName = MyPicturesTests;
			productReference = 5B2CA45C2E5F94A100E39E81 /* MyPicturesTests.xctest */;
			productType = "com.apple.product-type.bundle.unit-test";
		};
		5B2CA4652E5F94A100E39E81 /* MyPicturesUITests */ = {
			isa = PBXNativeTarget;
			buildConfigurationList = 5B2CA4772E5F94A100E39E81 /* Build configuration list for PBXNativeTarget "MyPicturesUITests" */;
			buildPhases = (
				5B2CA4622E5F94A100E39E81 /* Sources */,
				5B2CA4632E5F94A100E39E81 /* Frameworks */,
				5B2CA4642E5F94A100E39E81 /* Resources */,
			);
			buildRules = (
			);
			dependencies = (
				5B2CA4682E5F94A100E39E81 /* PBXTargetDependency */,
			);
			name = MyPicturesUITests;
			packageProductDependencies = (
			);
			productName = MyPicturesUITests;
			productReference = 5B2CA4662E5F94A100E39E81 /* MyPicturesUITests.xctest */;
			productType = "com.apple.product-type.bundle.ui-testing";
		};
/* End PBXNativeTarget section */

/* Begin PBXProject section */
		5B2CA43B2E5F94A000E39E81 /* Project object */ = {
			isa = PBXProject;
			attributes = {
				BuildIndependentTargetsInParallel = 1;
				LastSwiftUpdateCheck = 1640;
				LastUpgradeCheck = 1640;
				TargetAttributes = {
					5B2CA4422E5F94A000E39E81 = {
						CreatedOnToolsVersion = 16.4;
					};
					5B2CA45B2E5F94A100E39E81 = {
						CreatedOnToolsVersion = 16.4;
						TestTargetID = 5B2CA4422E5F94A000E39E81;
					};
					5B2CA4652E5F94A100E39E81 = {
						CreatedOnToolsVersion = 16.4;
						TestTargetID = 5B2CA4422E5F94A000E39E81;
					};
				};
			};
			buildConfigurationList = 5B2CA43E2E5F94A000E39E81 /* Build configuration list for PBXProject "MyPictures" */;
			developmentRegion = en;
			hasScannedForEncodings = 0;
			knownRegions = (
				en,
				Base,
				"pt-BR",
			);
			mainGroup = 5B2CA43A2E5F94A000E39E81;
			minimizedProjectReferenceProxies = 1;
			preferredProjectObjectVersion = 77;
			productRefGroup = 5B2CA4442E5F94A000E39E81 /* Products */;
			projectDirPath = "";
			projectRoot = "";
			targets = (
				5B2CA4422E5F94A000E39E81 /* MyPictures */,
				5B2CA45B2E5F94A100E39E81 /* MyPicturesTests */,
				5B2CA4652E5F94A100E39E81 /* MyPicturesUITests */,
			);
		};
/* End PBXProject section */

/* Begin PBXResourcesBuildPhase section */
		5B2CA4412E5F94A000E39E81 /* Resources */ = {
			isa = PBXResourcesBuildPhase;
			buildActionMask = 2147483647;
			files = (
			);
			runOnlyForDeploymentPostprocessing = 0;
		};
		5B2CA45A2E5F94A100E39E81 /* Resources */ = {
			isa = PBXResourcesBuildPhase;
			buildActionMask = 2147483647;
			files = (
			);
			runOnlyForDeploymentPostprocessing = 0;
		};
		5B2CA4642E5F94A100E39E81 /* Resources */ = {
			isa = PBXResourcesBuildPhase;
			buildActionMask = 2147483647;
			files = (
			);
			runOnlyForDeploymentPostprocessing = 0;
		};
/* End PBXResourcesBuildPhase section */

/* Begin PBXSourcesBuildPhase section */
		5B2CA43F2E5F94A000E39E81 /* Sources */ = {
			isa = PBXSourcesBuildPhase;
			buildActionMask = 2147483647;
			files = (
			);
			runOnlyForDeploymentPostprocessing = 0;
		};
		5B2CA4582E5F94A100E39E81 /* Sources */ = {
			isa = PBXSourcesBuildPhase;
			buildActionMask = 2147483647;
			files = (
			);
			runOnlyForDeploymentPostprocessing = 0;
		};
		5B2CA4622E5F94A100E39E81 /* Sources */ = {
			isa = PBXSourcesBuildPhase;
			buildActionMask = 2147483647;
			files = (
			);
			runOnlyForDeploymentPostprocessing = 0;
		};
/* End PBXSourcesBuildPhase section */

/* Begin PBXTargetDependency section */
		5B2CA45E2E5F94A100E39E81 /* PBXTargetDependency */ = {
			isa = PBXTargetDependency;
			target = 5B2CA4422E5F94A000E39E81 /* MyPictures */;
			targetProxy = 5B2CA45D2E5F94A100E39E81 /* PBXContainerItemProxy */;
		};
		5B2CA4682E5F94A100E39E81 /* PBXTargetDependency */ = {
			isa = PBXTargetDependency;
			target = 5B2CA4422E5F94A000E39E81 /* MyPictures */;
			targetProxy = 5B2CA4672E5F94A100E39E81 /* PBXContainerItemProxy */;
		};
/* End PBXTargetDependency section */

/* Begin XCBuildConfiguration section */
		5B2CA4702E5F94A100E39E81 /* Debug */ = {
			isa = XCBuildConfiguration;
			buildSettings = {
				ASSETCATALOG_COMPILER_APPICON_NAME = AppIcon;
				ASSETCATALOG_COMPILER_GLOBAL_ACCENT_COLOR_NAME = AccentColor;
				CODE_SIGN_STYLE = Automatic;
				CURRENT_PROJECT_VERSION = 1;
				DEVELOPMENT_TEAM = 2VUKR9KTHP;
				GENERATE_INFOPLIST_FILE = YES;
				INFOPLIST_FILE = MyPictures/Info.plist;
				INFOPLIST_KEY_UIApplicationSupportsIndirectInputEvents = YES;
				INFOPLIST_KEY_UILaunchStoryboardName = LaunchScreen;
				INFOPLIST_KEY_UISupportedInterfaceOrientations_iPad = "UIInterfaceOrientationPortrait UIInterfaceOrientationPortraitUpsideDown UIInterfaceOrientationLandscapeLeft UIInterfaceOrientationLandscapeRight";
				INFOPLIST_KEY_UISupportedInterfaceOrientations_iPhone = "UIInterfaceOrientationPortrait UIInterfaceOrientationLandscapeLeft UIInterfaceOrientationLandscapeRight";
				LD_RUNPATH_SEARCH_PATHS = (
					"$(inherited)",
					"@executable_path/Frameworks",
				);
				MARKETING_VERSION = 1.0;
				PRODUCT_BUNDLE_IDENTIFIER = com.joanavaladao.mypictures.MyPictures;
				PRODUCT_NAME = "$(TARGET_NAME)";
				SWIFT_EMIT_LOC_STRINGS = YES;
				SWIFT_VERSION = 5.0;
				TARGETED_DEVICE_FAMILY = "1,2";
			};
			name = Debug;
		};
		5B2CA4712E5F94A100E39E81 /* Release */ = {
			isa = XCBuildConfiguration;
			buildSettings = {
				ASSETCATALOG_COMPILER_APPICON_NAME = AppIcon;
				ASSETCATALOG_COMPILER_GLOBAL_ACCENT_COLOR_NAME = AccentColor;
				CODE_SIGN_STYLE = Automatic;
				CURRENT_PROJECT_VERSION = 1;
				DEVELOPMENT_TEAM = 2VUKR9KTHP;
				GENERATE_INFOPLIST_FILE = YES;
				INFOPLIST_FILE = MyPictures/Info.plist;
				INFOPLIST_KEY_UIApplicationSupportsIndirectInputEvents = YES;
				INFOPLIST_KEY_UILaunchStoryboardName = LaunchScreen;
				INFOPLIST_KEY_UISupportedInterfaceOrientations_iPad = "UIInterfaceOrientationPortrait UIInterfaceOrientationPortraitUpsideDown UIInterfaceOrientationLandscapeLeft UIInterfaceOrientationLandscapeRight";
				INFOPLIST_KEY_UISupportedInterfaceOrientations_iPhone = "UIInterfaceOrientationPortrait UIInterfaceOrientationLandscapeLeft UIInterfaceOrientationLandscapeRight";
				LD_RUNPATH_SEARCH_PATHS = (
					"$(inherited)",
					"@executable_path/Frameworks",
				);
				MARKETING_VERSION = 1.0;
				PRODUCT_BUNDLE_IDENTIFIER = com.joanavaladao.mypictures.MyPictures;
				PRODUCT_NAME = "$(TARGET_NAME)";
				SWIFT_EMIT_LOC_STRINGS = YES;
				SWIFT_VERSION = 5.0;
				TARGETED_DEVICE_FAMILY = "1,2";
			};
			name = Release;
		};
		5B2CA4722E5F94A100E39E81 /* Debug */ = {
			isa = XCBuildConfiguration;
			buildSettings = {
				ALWAYS_SEARCH_USER_PATHS = NO;
				ASSETCATALOG_COMPILER_GENERATE_SWIFT_ASSET_SYMBOL_EXTENSIONS = YES;
				CLANG_ANALYZER_NONNULL = YES;
				CLANG_ANALYZER_NUMBER_OBJECT_CONVERSION = YES_AGGRESSIVE;
				CLANG_CXX_LANGUAGE_STANDARD = "gnu++20";
				CLANG_ENABLE_MODULES = YES;
				CLANG_ENABLE_OBJC_ARC = YES;
				CLANG_ENABLE_OBJC_WEAK = YES;
				CLANG_WARN_BLOCK_CAPTURE_AUTORELEASING = YES;
				CLANG_WARN_BOOL_CONVERSION = YES;
				CLANG_WARN_COMMA = YES;
				CLANG_WARN_CONSTANT_CONVERSION = YES;
				CLANG_WARN_DEPRECATED_OBJC_IMPLEMENTATIONS = YES;
				CLANG_WARN_DIRECT_OBJC_ISA_USAGE = YES_ERROR;
				CLANG_WARN_DOCUMENTATION_COMMENTS = YES;
				CLANG_WARN_EMPTY_BODY = YES;
				CLANG_WARN_ENUM_CONVERSION = YES;
				CLANG_WARN_INFINITE_RECURSION = YES;
				CLANG_WARN_INT_CONVERSION = YES;
				CLANG_WARN_NON_LITERAL_NULL_CONVERSION = YES;
				CLANG_WARN_OBJC_IMPLICIT_RETAIN_SELF = YES;
				CLANG_WARN_OBJC_LITERAL_CONVERSION = YES;
				CLANG_WARN_OBJC_ROOT_CLASS = YES_ERROR;
				CLANG_WARN_QUOTED_INCLUDE_IN_FRAMEWORK_HEADER = YES;
				CLANG_WARN_RANGE_LOOP_ANALYSIS = YES;
				CLANG_WARN_STRICT_PROTOTYPES = YES;
				CLANG_WARN_SUSPICIOUS_MOVE = YES;
				CLANG_WARN_UNGUARDED_AVAILABILITY = YES_AGGRESSIVE;
				CLANG_WARN_UNREACHABLE_CODE = YES;
				CLANG_WARN__DUPLICATE_METHOD_MATCH = YES;
				COPY_PHASE_STRIP = NO;
				DEBUG_INFORMATION_FORMAT = dwarf;
				DEVELOPMENT_TEAM = 2VUKR9KTHP;
				ENABLE_STRICT_OBJC_MSGSEND = YES;
				ENABLE_TESTABILITY = YES;
				ENABLE_USER_SCRIPT_SANDBOXING = YES;
				GCC_C_LANGUAGE_STANDARD = gnu17;
				GCC_DYNAMIC_NO_PIC = NO;
				GCC_NO_COMMON_BLOCKS = YES;
				GCC_OPTIMIZATION_LEVEL = 0;
				GCC_PREPROCESSOR_DEFINITIONS = (
					"DEBUG=1",
					"$(inherited)",
				);
				GCC_WARN_64_TO_32_BIT_CONVERSION = YES;
				GCC_WARN_ABOUT_RETURN_TYPE = YES_ERROR;
				GCC_WARN_UNDECLARED_SELECTOR = YES;
				GCC_WARN_UNINITIALIZED_AUTOS = YES_AGGRESSIVE;
				GCC_WARN_UNUSED_FUNCTION = YES;
				GCC_WARN_UNUSED_VARIABLE = YES;
				IPHONEOS_DEPLOYMENT_TARGET = 18.5;
				LOCALIZATION_PREFERS_STRING_CATALOGS = YES;
				MTL_ENABLE_DEBUG_INFO = INCLUDE_SOURCE;
				MTL_FAST_MATH = YES;
				ONLY_ACTIVE_ARCH = YES;
				SDKROOT = iphoneos;
				SWIFT_ACTIVE_COMPILATION_CONDITIONS = "DEBUG $(inherited)";
				SWIFT_EMIT_LOC_STRINGS = YES;
				SWIFT_OPTIMIZATION_LEVEL = "-Onone";
			};
			name = Debug;
		};
		5B2CA4732E5F94A100E39E81 /* Release */ = {
			isa = XCBuildConfiguration;
			buildSettings = {
				ALWAYS_SEARCH_USER_PATHS = NO;
				ASSETCATALOG_COMPILER_GENERATE_SWIFT_ASSET_SYMBOL_EXTENSIONS = YES;
				CLANG_ANALYZER_NONNULL = YES;
				CLANG_ANALYZER_NUMBER_OBJECT_CONVERSION = YES_AGGRESSIVE;
				CLANG_CXX_LANGUAGE_STANDARD = "gnu++20";
				CLANG_ENABLE_MODULES = YES;
				CLANG_ENABLE_OBJC_ARC = YES;
				CLANG_ENABLE_OBJC_WEAK = YES;
				CLANG_WARN_BLOCK_CAPTURE_AUTORELEASING = YES;
				CLANG_WARN_BOOL_CONVERSION = YES;
				CLANG_WARN_COMMA = YES;
				CLANG_WARN_CONSTANT_CONVERSION = YES;
				CLANG_WARN_DEPRECATED_OBJC_IMPLEMENTATIONS = YES;
				CLANG_WARN_DIRECT_OBJC_ISA_USAGE = YES_ERROR;
				CLANG_WARN_DOCUMENTATION_COMMENTS = YES;
				CLANG_WARN_EMPTY_BODY = YES;
				CLANG_WARN_ENUM_CONVERSION = YES;
				CLANG_WARN_INFINITE_RECURSION = YES;
				CLANG_WARN_INT_CONVERSION = YES;
				CLANG_WARN_NON_LITERAL_NULL_CONVERSION = YES;
				CLANG_WARN_OBJC_IMPLICIT_RETAIN_SELF = YES;
				CLANG_WARN_OBJC_LITERAL_CONVERSION = YES;
				CLANG_WARN_OBJC_ROOT_CLASS = YES_ERROR;
				CLANG_WARN_QUOTED_INCLUDE_IN_FRAMEWORK_HEADER = YES;
				CLANG_WARN_RANGE_LOOP_ANALYSIS = YES;
				CLANG_WARN_STRICT_PROTOTYPES = YES;
				CLANG_WARN_SUSPICIOUS_MOVE = YES;
				CLANG_WARN_UNGUARDED_AVAILABILITY = YES_AGGRESSIVE;
				CLANG_WARN_UNREACHABLE_CODE = YES;
				CLANG_WARN__DUPLICATE_METHOD_MATCH = YES;
				COPY_PHASE_STRIP = NO;
				DEBUG_INFORMATION_FORMAT = "dwarf-with-dsym";
				DEVELOPMENT_TEAM = 2VUKR9KTHP;
				ENABLE_NS_ASSERTIONS = NO;
				ENABLE_STRICT_OBJC_MSGSEND = YES;
				ENABLE_USER_SCRIPT_SANDBOXING = YES;
				GCC_C_LANGUAGE_STANDARD = gnu17;
				GCC_NO_COMMON_BLOCKS = YES;
				GCC_WARN_64_TO_32_BIT_CONVERSION = YES;
				GCC_WARN_ABOUT_RETURN_TYPE = YES_ERROR;
				GCC_WARN_UNDECLARED_SELECTOR = YES;
				GCC_WARN_UNINITIALIZED_AUTOS = YES_AGGRESSIVE;
				GCC_WARN_UNUSED_FUNCTION = YES;
				GCC_WARN_UNUSED_VARIABLE = YES;
				IPHONEOS_DEPLOYMENT_TARGET = 18.5;
				LOCALIZATION_PREFERS_STRING_CATALOGS = YES;
				MTL_ENABLE_DEBUG_INFO = NO;
				MTL_FAST_MATH = YES;
				SDKROOT = iphoneos;
				SWIFT_COMPILATION_MODE = wholemodule;
				SWIFT_EMIT_LOC_STRINGS = YES;
				VALIDATE_PRODUCT = YES;
			};
			name = Release;
		};
		5B2CA4752E5F94A100E39E81 /* Debug */ = {
			isa = XCBuildConfiguration;
			buildSettings = {
				BUNDLE_LOADER = "$(TEST_HOST)";
				CODE_SIGN_STYLE = Automatic;
				CURRENT_PROJECT_VERSION = 1;
				DEVELOPMENT_TEAM = 2VUKR9KTHP;
				GENERATE_INFOPLIST_FILE = YES;
				IPHONEOS_DEPLOYMENT_TARGET = 18.5;
				MARKETING_VERSION = 1.0;
				PRODUCT_BUNDLE_IDENTIFIER = com.joanavaladao.mypictures.MyPicturesTests;
				PRODUCT_NAME = "$(TARGET_NAME)";
				SWIFT_EMIT_LOC_STRINGS = NO;
				SWIFT_VERSION = 5.0;
				TARGETED_DEVICE_FAMILY = "1,2";
				TEST_HOST = "$(BUILT_PRODUCTS_DIR)/MyPictures.app/$(BUNDLE_EXECUTABLE_FOLDER_PATH)/MyPictures";
			};
			name = Debug;
		};
		5B2CA4762E5F94A100E39E81 /* Release */ = {
			isa = XCBuildConfiguration;
			buildSettings = {
				BUNDLE_LOADER = "$(TEST_HOST)";
				CODE_SIGN_STYLE = Automatic;
				CURRENT_PROJECT_VERSION = 1;
				DEVELOPMENT_TEAM = 2VUKR9KTHP;
				GENERATE_INFOPLIST_FILE = YES;
				IPHONEOS_DEPLOYMENT_TARGET = 18.5;
				MARKETING_VERSION = 1.0;
				PRODUCT_BUNDLE_IDENTIFIER = com.joanavaladao.mypictures.MyPicturesTests;
				PRODUCT_NAME = "$(TARGET_NAME)";
				SWIFT_EMIT_LOC_STRINGS = NO;
				SWIFT_VERSION = 5.0;
				TARGETED_DEVICE_FAMILY = "1,2";
				TEST_HOST = "$(BUILT_PRODUCTS_DIR)/MyPictures.app/$(BUNDLE_EXECUTABLE_FOLDER_PATH)/MyPictures";
			};
			name = Release;
		};
		5B2CA4782E5F94A100E39E81 /* Debug */ = {
			isa = XCBuildConfiguration;
			buildSettings = {
				CODE_SIGN_STYLE = Automatic;
				CURRENT_PROJECT_VERSION = 1;
				DEVELOPMENT_TEAM = 2VUKR9KTHP;
				GENERATE_INFOPLIST_FILE = YES;
				MARKETING_VERSION = 1.0;
				PRODUCT_BUNDLE_IDENTIFIER = com.joanavaladao.mypictures.MyPicturesUITests;
				PRODUCT_NAME = "$(TARGET_NAME)";
				SWIFT_EMIT_LOC_STRINGS = NO;
				SWIFT_VERSION = 5.0;
				TARGETED_DEVICE_FAMILY = "1,2";
				TEST_TARGET_NAME = MyPictures;
			};
			name = Debug;
		};
		5B2CA4792E5F94A100E39E81 /* Release */ = {
			isa = XCBuildConfiguration;
			buildSettings = {
				CODE_SIGN_STYLE = Automatic;
				CURRENT_PROJECT_VERSION = 1;
				DEVELOPMENT_TEAM = 2VUKR9KTHP;
				GENERATE_INFOPLIST_FILE = YES;
				MARKETING_VERSION = 1.0;
				PRODUCT_BUNDLE_IDENTIFIER = com.joanavaladao.mypictures.MyPicturesUITests;
				PRODUCT_NAME = "$(TARGET_NAME)";
				SWIFT_EMIT_LOC_STRINGS = NO;
				SWIFT_VERSION = 5.0;
				TARGETED_DEVICE_FAMILY = "1,2";
				TEST_TARGET_NAME = MyPictures;
			};
			name = Release;
		};
/* End XCBuildConfiguration section */

/* Begin XCConfigurationList section */
		5B2CA43E2E5F94A000E39E81 /* Build configuration list for PBXProject "MyPictures" */ = {
			isa = XCConfigurationList;
			buildConfigurations = (
				5B2CA4722E5F94A100E39E81 /* Debug */,
				5B2CA4732E5F94A100E39E81 /* Release */,
			);
			defaultConfigurationIsVisible = 0;
			defaultConfigurationName = Release;
		};
		5B2CA46F2E5F94A100E39E81 /* Build configuration list for PBXNativeTarget "MyPictures" */ = {
			isa = XCConfigurationList;
			buildConfigurations = (
				5B2CA4702E5F94A100E39E81 /* Debug */,
				5B2CA4712E5F94A100E39E81 /* Release */,
			);
			defaultConfigurationIsVisible = 0;
			defaultConfigurationName = Release;
		};
		5B2CA4742E5F94A100E39E81 /* Build configuration list for PBXNativeTarget "MyPicturesTests" */ = {
			isa = XCConfigurationList;
			buildConfigurations = (
				5B2CA4752E5F94A100E39E81 /* Debug */,
				5B2CA4762E5F94A100E39E81 /* Release */,
			);
			defaultConfigurationIsVisible = 0;
			defaultConfigurationName = Release;
		};
		5B2CA4772E5F94A100E39E81 /* Build configuration list for PBXNativeTarget "MyPicturesUITests" */ = {
			isa = XCConfigurationList;
			buildConfigurations = (
				5B2CA4782E5F94A100E39E81 /* Debug */,
				5B2CA4792E5F94A100E39E81 /* Release */,
			);
			defaultConfigurationIsVisible = 0;
			defaultConfigurationName = Release;
		};
/* End XCConfigurationList section */
	};
	rootObject = 5B2CA43B2E5F94A000E39E81 /* Project object */;
}
